
Microsoft Visual Studio Solution File, Format Version 12.00
# Visual Studio Version 16
VisualStudioVersion = 25.0.1703.2
MinimumVisualStudioVersion = 10.0.40219.1
Project("{FAE04EC0-301F-11D3-BF4B-00C04F79EFBC}") = "PokemonReviewApp", "PokemonReviewApp\PokemonReviewApp.csproj", "{E311CFFD-4C48-4A6B-A0D3-61D6223D5206}"
EndProject
Global
	GlobalSection(SolutionConfigurationPlatforms) = preSolution
		Debug|Any CPU = Debug|Any CPU
		Release|Any CPU = Release|Any CPU
	EndGlobalSection
	GlobalSection(ProjectConfigurationPlatforms) = postSolution
		{E311CFFD-4C48-4A6B-A0D3-61D6223D5206}.Debug|Any CPU.ActiveCfg = Debug|Any CPU
		{E311CFFD-4C48-4A6B-A0D3-61D6223D5206}.Debug|Any CPU.Build.0 = Debug|Any CPU
		{E311CFFD-4C48-4A6B-A0D3-61D6223D5206}.Release|Any CPU.ActiveCfg = Release|Any CPU
		{E311CFFD-4C48-4A6B-A0D3-61D6223D5206}.Release|Any CPU.Build.0 = Release|Any CPU
	EndGlobalSection
	GlobalSection(SolutionProperties) = preSolution
		HideSolutionNode = FALSE
	EndGlobalSection
	GlobalSection(ExtensibilityGlobals) = postSolution
		SolutionGuid = {3A6BE1FE-8A41-428C-B4C6-4AF7C01D90C8}
	EndGlobalSection
EndGlobal
